
Microsoft Visual Studio Solution File, Format Version 12.00
# Visual Studio 15
VisualStudioVersion = 15.0.27130.2036
MinimumVisualStudioVersion = 10.0.40219.1
Project("{FAE04EC0-301F-11D3-BF4B-00C04F79EFBC}") = "System.Option", "System.Option\System.Option.csproj", "{94235DA0-6E05-450B-8129-C9F1E710EA99}"
EndProject
Project("{FAE04EC0-301F-11D3-BF4B-00C04F79EFBC}") = "System.Option.UnitTests", "System.Option.UnitTests\System.Option.UnitTests.csproj", "{EE616A92-22E2-4DF5-9660-66A9D833B825}"
EndProject
Global
	GlobalSection(SolutionConfigurationPlatforms) = preSolution
		Debug|Any CPU = Debug|Any CPU
		Debug|x64 = Debug|x64
		Debug|x86 = Debug|x86
		Release|Any CPU = Release|Any CPU
		Release|x64 = Release|x64
		Release|x86 = Release|x86
	EndGlobalSection
	GlobalSection(ProjectConfigurationPlatforms) = postSolution
		{94235DA0-6E05-450B-8129-C9F1E710EA99}.Debug|Any CPU.ActiveCfg = Debug|Any CPU
		{94235DA0-6E05-450B-8129-C9F1E710EA99}.Debug|Any CPU.Build.0 = Debug|Any CPU
		{94235DA0-6E05-450B-8129-C9F1E710EA99}.Debug|x64.ActiveCfg = Debug|x64
		{94235DA0-6E05-450B-8129-C9F1E710EA99}.Debug|x64.Build.0 = Debug|x64
		{94235DA0-6E05-450B-8129-C9F1E710EA99}.Debug|x86.ActiveCfg = Debug|Any CPU
		{94235DA0-6E05-450B-8129-C9F1E710EA99}.Debug|x86.Build.0 = Debug|Any CPU
		{94235DA0-6E05-450B-8129-C9F1E710EA99}.Release|Any CPU.ActiveCfg = Release|Any CPU
		{94235DA0-6E05-450B-8129-C9F1E710EA99}.Release|Any CPU.Build.0 = Release|Any CPU
		{94235DA0-6E05-450B-8129-C9F1E710EA99}.Release|x64.ActiveCfg = Release|Any CPU
		{94235DA0-6E05-450B-8129-C9F1E710EA99}.Release|x64.Build.0 = Release|Any CPU
		{94235DA0-6E05-450B-8129-C9F1E710EA99}.Release|x86.ActiveCfg = Release|Any CPU
		{94235DA0-6E05-450B-8129-C9F1E710EA99}.Release|x86.Build.0 = Release|Any CPU
		{EE616A92-22E2-4DF5-9660-66A9D833B825}.Debug|Any CPU.ActiveCfg = Debug|Any CPU
		{EE616A92-22E2-4DF5-9660-66A9D833B825}.Debug|Any CPU.Build.0 = Debug|Any CPU
		{EE616A92-22E2-4DF5-9660-66A9D833B825}.Debug|x64.ActiveCfg = Debug|x64
		{EE616A92-22E2-4DF5-9660-66A9D833B825}.Debug|x64.Build.0 = Debug|x64
		{EE616A92-22E2-4DF5-9660-66A9D833B825}.Debug|x86.ActiveCfg = Debug|Any CPU
		{EE616A92-22E2-4DF5-9660-66A9D833B825}.Debug|x86.Build.0 = Debug|Any CPU
		{EE616A92-22E2-4DF5-9660-66A9D833B825}.Release|Any CPU.ActiveCfg = Release|Any CPU
		{EE616A92-22E2-4DF5-9660-66A9D833B825}.Release|Any CPU.Build.0 = Release|Any CPU
		{EE616A92-22E2-4DF5-9660-66A9D833B825}.Release|x64.ActiveCfg = Release|Any CPU
		{EE616A92-22E2-4DF5-9660-66A9D833B825}.Release|x64.Build.0 = Release|Any CPU
		{EE616A92-22E2-4DF5-9660-66A9D833B825}.Release|x86.ActiveCfg = Release|Any CPU
		{EE616A92-22E2-4DF5-9660-66A9D833B825}.Release|x86.Build.0 = Release|Any CPU
	EndGlobalSection
	GlobalSection(SolutionProperties) = preSolution
		HideSolutionNode = FALSE
	EndGlobalSection
	GlobalSection(ExtensibilityGlobals) = postSolution
		SolutionGuid = {5EB0E787-C38B-4934-9207-9A3701B3F28A}
	EndGlobalSection
EndGlobal
